<?xml version="1.0" encoding="utf-8"?>
<Project ToolsVersion="4.0" xmlns="http://schemas.microsoft.com/developer/msbuild/2003">
  <ItemGroup>
    <Filter Include="Source Files">
      <UniqueIdentifier>{4FC737F1-C7A5-4376-A066-2A32D752A2FF}</UniqueIdentifier>
      <Extensions>cpp;c;cc;cxx;c++;cppm;ixx;def;odl;idl;hpj;bat;asm;asmx</Extensions>
    </Filter>
    <Filter Include="Header Files">
      <UniqueIdentifier>{93995380-89BD-4b04-88EB-625FBE52EBFB}</UniqueIdentifier>
      <Extensions>h;hh;hpp;hxx;h++;hm;inl;inc;ipp;xsd</Extensions>
    </Filter>
    <Filter Include="Resource Files">
      <UniqueIdentifier>{67DA6AB6-F800-4c08-8B7A-83BB121AAD01}</UniqueIdentifier>
      <Extensions>rc;ico;cur;bmp;dlg;rc2;rct;bin;rgs;gif;jpg;jpeg;jpe;resx;tiff;tif;png;wav;mfcribbon-ms</Extensions>
    </Filter>
    <Filter Include="SourceFilesAlgorithms">
      <UniqueIdentifier>{4f5f93ee-c4f5-428c-afe1-ce1991c7a934}</UniqueIdentifier>
    </Filter>
  </ItemGroup>
  <ItemGroup>
    <ClCompile Include="Main.cpp">
      <Filter>Source Files</Filter>
    </ClCompile>
    <ClCompile Include="Algorithms\OrthogonalSearchChecker.h">
      <Filter>Header Files</Filter>
    </ClCompile>
    <ClCompile Include="Algorithms\OrthogonalSearchChecker.cpp">
      <Filter>SourceFilesAlgorithms</Filter>
    </ClCompile>
    <ClCompile Include="Algorithms\OrthogonalSearchSegmentTree1D.cpp">
      <Filter>SourceFilesAlgorithms</Filter>
    </ClCompile>
    <ClCompile Include="Algorithms\OrthogonalSearchSegmentTree2D.cpp">
      <Filter>SourceFilesAlgorithms</Filter>
    </ClCompile>
    <ClCompile Include="Algorithms\OrthogonalSearchSegmentTree3D.cpp">
      <Filter>SourceFilesAlgorithms</Filter>
    </ClCompile>
    <ClCompile Include="Algorithms\DSU.cpp">
      <Filter>SourceFilesAlgorithms</Filter>
    </ClCompile>
    <ClCompile Include="Algorithms\KruskalAlgorithm.cpp">
      <Filter>SourceFilesAlgorithms</Filter>
    </ClCompile>
    <ClCompile Include="Algorithms\Standard3DMSTPipeline.cpp">
      <Filter>SourceFilesAlgorithms</Filter>
    </ClCompile>
    <ClCompile Include="Algorithms\Prim3DAlgorithm.cpp">
      <Filter>SourceFilesAlgorithms</Filter>
    </ClCompile>
    <ClCompile Include="Algorithms\Orthogonal3DMSTPipeline.cpp">
      <Filter>SourceFilesAlgorithms</Filter>
    </ClCompile>
    <ClCompile Include="Algorithms\AdvancedSegmentTree2D.cpp">
      <Filter>SourceFilesAlgorithms</Filter>
    </ClCompile>
    <ClCompile Include="Algorithms\AdvancedSegmentTree3D.cpp">
      <Filter>SourceFilesAlgorithms</Filter>
    </ClCompile>
  </ItemGroup>
  <ItemGroup>
    <Text Include="input.txt" />
    <Text Include="output.txt" />
  </ItemGroup>
  <ItemGroup>
    <ClInclude Include="Algorithms\BaseHeader.h">
      <Filter>Header Files</Filter>
    </ClInclude>
    <ClInclude Include="Algorithms\OrthogonalSearchSegmentTree1D.h">
      <Filter>Header Files</Filter>
    </ClInclude>
    <ClInclude Include="Algorithms\OrthogonalSearchSegmentTree2D.h">
      <Filter>Header Files</Filter>
    </ClInclude>
    <ClInclude Include="Algorithms\OrthogonalSearchSegmentTree3D.h">
      <Filter>Header Files</Filter>
    </ClInclude>
    <ClInclude Include="Algorithms\KruskalAlgorithm.h">
      <Filter>Header Files</Filter>
    </ClInclude>
    <ClInclude Include="Algorithms\BaseClasses.h">
      <Filter>Header Files</Filter>
    </ClInclude>
    <ClInclude Include="Algorithms\DSU.h">
      <Filter>Header Files</Filter>
    </ClInclude>
    <ClInclude Include="Algorithms\Standard3DMSTPipeline.h">
      <Filter>Header Files</Filter>
    </ClInclude>
    <ClInclude Include="Algorithms\Prim3DAlgorithm.h">
      <Filter>Header Files</Filter>
    </ClInclude>
    <ClInclude Include="Algorithms\Orthogonal3DMSTPipeline.h">
      <Filter>Header Files</Filter>
    </ClInclude>
    <ClInclude Include="Algorithms\AdvancedSegmentTree2D.h">
      <Filter>Header Files</Filter>
    </ClInclude>
    <ClInclude Include="Algorithms\AdvancedSegmentTree3D.h">
      <Filter>Header Files</Filter>
    </ClInclude>
  </ItemGroup>
</Project>